// !$*UTF8*$!
{
	archiveVersion = 1;
	classes = {
	};
	objectVersion = 46;
	objects = {

/* Begin PBXBuildFile section */
		323EB9A21D49B5A900088279 /* AppDelegate.swift in Sources */ = {isa = PBXBuildFile; fileRef = 323EB9A11D49B5A900088279 /* AppDelegate.swift */; };
		323EB9A41D49B5A900088279 /* ViewController.swift in Sources */ = {isa = PBXBuildFile; fileRef = 323EB9A31D49B5A900088279 /* ViewController.swift */; };
		323EB9A71D49B5A900088279 /* Main.storyboard in Resources */ = {isa = PBXBuildFile; fileRef = 323EB9A51D49B5A900088279 /* Main.storyboard */; };
		323EB9A91D49B5A900088279 /* Assets.xcassets in Resources */ = {isa = PBXBuildFile; fileRef = 323EB9A81D49B5A900088279 /* Assets.xcassets */; };
		323EB9AC1D49B5A900088279 /* LaunchScreen.storyboard in Resources */ = {isa = PBXBuildFile; fileRef = 323EB9AA1D49B5A900088279 /* LaunchScreen.storyboard */; };
		323EB9B61D49BBF300088279 /* Aster.swift in Sources */ = {isa = PBXBuildFile; fileRef = 323EB9B51D49BBF300088279 /* Aster.swift */; };
/* End PBXBuildFile section */

/* Begin PBXFileReference section */
		323EB99E1D49B5A900088279 /* LBW.app */ = {isa = PBXFileReference; explicitFileType = wrapper.application; includeInIndex = 0; path = LBW.app; sourceTree = BUILT_PRODUCTS_DIR; };
		323EB9A11D49B5A900088279 /* AppDelegate.swift */ = {isa = PBXFileReference; lastKnownFileType = sourcecode.swift; path = AppDelegate.swift; sourceTree = "<group>"; };
		323EB9A31D49B5A900088279 /* ViewController.swift */ = {isa = PBXFileReference; lastKnownFileType = sourcecode.swift; path = ViewController.swift; sourceTree = "<group>"; };
		323EB9A61D49B5A900088279 /* Base */ = {isa = PBXFileReference; lastKnownFileType = file.storyboard; name = Base; path = Base.lproj/Main.storyboard; sourceTree = "<group>"; };
		323EB9A81D49B5A900088279 /* Assets.xcassets */ = {isa = PBXFileReference; lastKnownFileType = folder.assetcatalog; path = Assets.xcassets; sourceTree = "<group>"; };
		323EB9AB1D49B5A900088279 /* Base */ = {isa = PBXFileReference; lastKnownFileType = file.storyboard; name = Base; path = Base.lproj/LaunchScreen.storyboard; sourceTree = "<group>"; };
		323EB9AD1D49B5A900088279 /* Info.plist */ = {isa = PBXFileReference; lastKnownFileType = text.plist.xml; path = Info.plist; sourceTree = "<group>"; };
		323EB9B51D49BBF300088279 /* Aster.swift */ = {isa = PBXFileReference; fileEncoding = 4; lastKnownFileType = sourcecode.swift; path = Aster.swift; sourceTree = SOURCE_ROOT; };
/* End PBXFileReference section */

/* Begin PBXFrameworksBuildPhase section */
		323EB99B1D49B5A900088279 /* Frameworks */ = {
			isa = PBXFrameworksBuildPhase;
			buildActionMask = 2147483647;
			files = (
			);
			runOnlyForDeploymentPostprocessing = 0;
		};
/* End PBXFrameworksBuildPhase section */

/* Begin PBXGroup section */
		323EB9951D49B5A900088279 = {
			isa = PBXGroup;
			children = (
				323EB9A01D49B5A900088279 /* LBW */,
				323EB99F1D49B5A900088279 /* Products */,
			);
			sourceTree = "<group>";
		};
		323EB99F1D49B5A900088279 /* Products */ = {
			isa = PBXGroup;
			children = (
				323EB99E1D49B5A900088279 /* LBW.app */,
			);
			name = Products;
			sourceTree = "<group>";
		};
		323EB9A01D49B5A900088279 /* LBW */ = {
			isa = PBXGroup;
			children = (
				323EB9A11D49B5A900088279 /* AppDelegate.swift */,
				323EB9A31D49B5A900088279 /* ViewController.swift */,
				323EB9B51D49BBF300088279 /* Aster.swift */,
				323EB9A51D49B5A900088279 /* Main.storyboard */,
				323EB9A81D49B5A900088279 /* Assets.xcassets */,
				323EB9AA1D49B5A900088279 /* LaunchScreen.storyboard */,
				323EB9AD1D49B5A900088279 /* Info.plist */,
			);
			name = LBW;
			path = Hockey;
			sourceTree = "<group>";
		};
/* End PBXGroup section */

/* Begin PBXNativeTarget section */
		323EB99D1D49B5A900088279 /* LBW */ = {
			isa = PBXNativeTarget;
			buildConfigurationList = 323EB9B01D49B5A900088279 /* Build configuration list for PBXNativeTarget "LBW" */;
			buildPhases = (
				323EB99A1D49B5A900088279 /* Sources */,
				323EB99B1D49B5A900088279 /* Frameworks */,
				323EB99C1D49B5A900088279 /* Resources */,
			);
			buildRules = (
			);
			dependencies = (
			);
			name = LBW;
			productName = Hockey;
			productReference = 323EB99E1D49B5A900088279 /* LBW.app */;
			productType = "com.apple.product-type.application";
		};
/* End PBXNativeTarget section */

/* Begin PBXProject section */
		323EB9961D49B5A900088279 /* Project object */ = {
			isa = PBXProject;
			attributes = {
				LastSwiftUpdateCheck = 0730;
				LastUpgradeCheck = 0730;
				ORGANIZATIONNAME = "Thomas Kriston";
				TargetAttributes = {
					323EB99D1D49B5A900088279 = {
						CreatedOnToolsVersion = 7.3.1;
					};
				};
			};
			buildConfigurationList = 323EB9991D49B5A900088279 /* Build configuration list for PBXProject "LBW" */;
			compatibilityVersion = "Xcode 3.2";
			developmentRegion = English;
			hasScannedForEncodings = 0;
			knownRegions = (
				en,
				Base,
			);
			mainGroup = 323EB9951D49B5A900088279;
			productRefGroup = 323EB99F1D49B5A900088279 /* Products */;
			projectDirPath = "";
			projectRoot = "";
			targets = (
				323EB99D1D49B5A900088279 /* LBW */,
			);
		};
/* End PBXProject section */

/* Begin PBXResourcesBuildPhase section */
		323EB99C1D49B5A900088279 /* Resources */ = {
			isa = PBXResourcesBuildPhase;
			buildActionMask = 2147483647;
			files = (
				323EB9AC1D49B5A900088279 /* LaunchScreen.storyboard in Resources */,
				323EB9A91D49B5A900088279 /* Assets.xcassets in Resources */,
				323EB9A71D49B5A900088279 /* Main.storyboard in Resources */,
			);
			runOnlyForDeploymentPostprocessing = 0;
		};
/* End PBXResourcesBuildPhase section */

/* Begin PBXSourcesBuildPhase section */
		323EB99A1D49B5A900088279 /* Sources */ = {
			isa = PBXSourcesBuildPhase;
			buildActionMask = 2147483647;
			files = (
				323EB9A41D49B5A900088279 /* ViewController.swift in Sources */,
				323EB9A21D49B5A900088279 /* AppDelegate.swift in Sources */,
				323EB9B61D49BBF300088279 /* Aster.swift in Sources */,
			);
			runOnlyForDeploymentPostprocessing = 0;
		};
/* End PBXSourcesBuildPhase section */

/* Begin PBXVariantGroup section */
		323EB9A51D49B5A900088279 /* Main.storyboard */ = {
			isa = PBXVariantGroup;
			children = (
				323EB9A61D49B5A900088279 /* Base */,
			);
			name = Main.storyboard;
			sourceTree = "<group>";
		};
		323EB9AA1D49B5A900088279 /* LaunchScreen.storyboard */ = {
			isa = PBXVariantGroup;
			children = (
				323EB9AB1D49B5A900088279 /* Base */,
			);
			name = LaunchScreen.storyboard;
			sourceTree = "<group>";
		};
/* End PBXVariantGroup section */

/* Begin XCBuildConfiguration section */
		323EB9AE1D49B5A900088279 /* Debug */ = {
			isa = XCBuildConfiguration;
			buildSettings = {
				ALWAYS_SEARCH_USER_PATHS = NO;
				CLANG_ANALYZER_NONNULL = YES;
				CLANG_CXX_LANGUAGE_STANDARD = "gnu++0x";
				CLANG_CXX_LIBRARY = "libc++";
				CLANG_ENABLE_MODULES = YES;
				CLANG_ENABLE_OBJC_ARC = YES;
				CLANG_WARN_BOOL_CONVERSION = YES;
				CLANG_WARN_CONSTANT_CONVERSION = YES;
				CLANG_WARN_DIRECT_OBJC_ISA_USAGE = YES_ERROR;
				CLANG_WARN_EMPTY_BODY = YES;
				CLANG_WARN_ENUM_CONVERSION = YES;
				CLANG_WARN_INT_CONVERSION = YES;
				CLANG_WARN_OBJC_ROOT_CLASS = YES_ERROR;
				CLANG_WARN_UNREACHABLE_CODE = YES;
				CLANG_WARN__DUPLICATE_METHOD_MATCH = YES;
				"CODE_SIGN_IDENTITY[sdk=iphoneos*]" = "iPhone Developer";
				COPY_PHASE_STRIP = NO;
				DEBUG_INFORMATION_FORMAT = dwarf;
				ENABLE_STRICT_OBJC_MSGSEND = YES;
				ENABLE_TESTABILITY = YES;
				GCC_C_LANGUAGE_STANDARD = gnu99;
				GCC_DYNAMIC_NO_PIC = NO;
				GCC_NO_COMMON_BLOCKS = YES;
				GCC_OPTIMIZATION_LEVEL = 0;
				GCC_PREPROCESSOR_DEFINITIONS = (
					"DEBUG=1",
					"$(inherited)",
				);
				GCC_WARN_64_TO_32_BIT_CONVERSION = YES;
				GCC_WARN_ABOUT_RETURN_TYPE = YES_ERROR;
				GCC_WARN_UNDECLARED_SELECTOR = YES;
				GCC_WARN_UNINITIALIZED_AUTOS = YES_AGGRESSIVE;
				GCC_WARN_UNUSED_FUNCTION = YES;
				GCC_WARN_UNUSED_VARIABLE = YES;
				IPHONEOS_DEPLOYMENT_TARGET = 9.3;
				MTL_ENABLE_DEBUG_INFO = YES;
				ONLY_ACTIVE_ARCH = YES;
				SDKROOT = iphoneos;
				SWIFT_OPTIMIZATION_LEVEL = "-Onone";
			};
			name = Debug;
		};
		323EB9AF1D49B5A900088279 /* Release */ = {
			isa = XCBuildConfiguration;
			buildSettings = {
				ALWAYS_SEARCH_USER_PATHS = NO;
				CLANG_ANALYZER_NONNULL = YES;
				CLANG_CXX_LANGUAGE_STANDARD = "gnu++0x";
				CLANG_CXX_LIBRARY = "libc++";
				CLANG_ENABLE_MODULES = YES;
				CLANG_ENABLE_OBJC_ARC = YES;
				CLANG_WARN_BOOL_CONVERSION = YES;
				CLANG_WARN_CONSTANT_CONVERSION = YES;
				CLANG_WARN_DIRECT_OBJC_ISA_USAGE = YES_ERROR;
				CLANG_WARN_EMPTY_BODY = YES;
				CLANG_WARN_ENUM_CONVERSION = YES;
				CLANG_WARN_INT_CONVERSION = YES;
				CLANG_WARN_OBJC_ROOT_CLASS = YES_ERROR;
				CLANG_WARN_UNREACHABLE_CODE = YES;
				CLANG_WARN__DUPLICATE_METHOD_MATCH = YES;
				"CODE_SIGN_IDENTITY[sdk=iphoneos*]" = "iPhone Developer";
				COPY_PHASE_STRIP = NO;
				DEBUG_INFORMATION_FORMAT = "dwarf-with-dsym";
				ENABLE_NS_ASSERTIONS = NO;
				ENABLE_STRICT_OBJC_MSGSEND = YES;
				GCC_C_LANGUAGE_STANDARD = gnu99;
				GCC_NO_COMMON_BLOCKS = YES;
				GCC_WARN_64_TO_32_BIT_CONVERSION = YES;
				GCC_WARN_ABOUT_RETURN_TYPE = YES_ERROR;
				GCC_WARN_UNDECLARED_SELECTOR = YES;
				GCC_WARN_UNINITIALIZED_AUTOS = YES_AGGRESSIVE;
				GCC_WARN_UNUSED_FUNCTION = YES;
				GCC_WARN_UNUSED_VARIABLE = YES;
				IPHONEOS_DEPLOYMENT_TARGET = 9.3;
				MTL_ENABLE_DEBUG_INFO = NO;
				SDKROOT = iphoneos;
				VALIDATE_PRODUCT = YES;
			};
			name = Release;
		};
		323EB9B11D49B5A900088279 /* Debug */ = {
			isa = XCBuildConfiguration;
			buildSettings = {
				ASSETCATALOG_COMPILER_APPICON_NAME = AppIcon;
				INFOPLIST_FILE = Hockey/Info.plist;
				LD_RUNPATH_SEARCH_PATHS = "$(inherited) @executable_path/Frameworks";
				PRODUCT_BUNDLE_IDENTIFIER = com.thomas.lbw;
				PRODUCT_NAME = LBW;
			};
			name = Debug;
		};
		323EB9B21D49B5A900088279 /* Release */ = {
			isa = XCBuildConfiguration;
			buildSettings = {
				ASSETCATALOG_COMPILER_APPICON_NAME = AppIcon;
				INFOPLIST_FILE = Hockey/Info.plist;
				LD_RUNPATH_SEARCH_PATHS = "$(inherited) @executable_path/Frameworks";
				PRODUCT_BUNDLE_IDENTIFIER = com.thomas.lbw;
				PRODUCT_NAME = LBW;
			};
			name = Release;
		};
/* End XCBuildConfiguration section */

/* Begin XCConfigurationList section */
		323EB9991D49B5A900088279 /* Build configuration list for PBXProject "LBW" */ = {
			isa = XCConfigurationList;
			buildConfigurations = (
				323EB9AE1D49B5A900088279 /* Debug */,
				323EB9AF1D49B5A900088279 /* Release */,
			);
			defaultConfigurationIsVisible = 0;
			defaultConfigurationName = Release;
		};
		323EB9B01D49B5A900088279 /* Build configuration list for PBXNativeTarget "LBW" */ = {
			isa = XCConfigurationList;
			buildConfigurations = (
				323EB9B11D49B5A900088279 /* Debug */,
				323EB9B21D49B5A900088279 /* Release */,
			);
			defaultConfigurationIsVisible = 0;
			defaultConfigurationName = Release;
		};
/* End XCConfigurationList section */
	};
	rootObject = 323EB9961D49B5A900088279 /* Project object */;
}
